
Microsoft Visual Studio Solution File, Format Version 12.00
# Visual Studio Version 17
VisualStudioVersion = 17.12.35527.113
MinimumVisualStudioVersion = 10.0.40219.1
Project("{2150E333-8FDC-42A3-9474-1A3956D46DE8}") = "Main", "Main", "{9DB55D21-DEBA-4C0A-8445-4D7CF05C3F96}"
EndProject
Project("{2150E333-8FDC-42A3-9474-1A3956D46DE8}") = "Plugins", "Plugins", "{34E86E80-A304-4E65-ABD7-C334E10BC1A6}"
EndProject
Project("{2150E333-8FDC-42A3-9474-1A3956D46DE8}") = "Libraries", "Libraries", "{A3A1C007-A25D-49FE-A1C9-A125320218DA}"
EndProject
Project("{2150E333-8FDC-42A3-9474-1A3956D46DE8}") = "Test", "Test", "{91BB682E-06F9-4815-9F82-D894F908D3E9}"
EndProject
Project("{FAE04EC0-301F-11D3-BF4B-00C04F79EFBC}") = "Astra.Core", "Main\Astra.Core\Astra.Core.csproj", "{8123D459-D527-42D3-9771-FACD76CFAB6E}"
EndProject
Project("{FAE04EC0-301F-11D3-BF4B-00C04F79EFBC}") = "Astra", "Main\Astra\Astra.csproj", "{A5AE2908-C8A9-4C41-9624-CB01876ADCFF}"
EndProject
Project("{FAE04EC0-301F-11D3-BF4B-00C04F79EFBC}") = "Astra.UI.Abstractions", "Libraries\Astra.UI.Abstractions\Astra.UI.Abstractions.csproj", "{D18A1F2D-A679-4C02-BA63-0247322F058C}"
EndProject
Project("{FAE04EC0-301F-11D3-BF4B-00C04F79EFBC}") = "Astra.UI", "Libraries\Astra.UI\Astra.UI.csproj", "{C2E9D3FF-05C7-4EE0-8506-57DD6D942834}"
EndProject
Project("{FAE04EC0-301F-11D3-BF4B-00C04F79EFBC}") = "NavStack", "Libraries\NavStack\NavStack.csproj", "{3BE34B22-D8DC-4805-8C87-D6949FA45C78}"
EndProject
Project("{FAE04EC0-301F-11D3-BF4B-00C04F79EFBC}") = "Astra.Engine", "Main\Astra.Engine\Astra.Engine.csproj", "{96D2AD30-45BA-4EAD-9B7A-2EAD2C12348D}"
EndProject
Project("{FAE04EC0-301F-11D3-BF4B-00C04F79EFBC}") = "DeepSeek-Test", "Test\DeepSeek-Test\DeepSeek-Test.csproj", "{FA74F173-947D-4818-98BD-71BA9D49E1E2}"
EndProject
Project("{FAE04EC0-301F-11D3-BF4B-00C04F79EFBC}") = "Astra.Plugins.AudioPlayer", "Plugins\Astra.Plugins.AudioPlayer\Astra.Plugins.AudioPlayer.csproj", "{16A0B88A-9DAD-1677-8916-1AE760A6D7BB}"
EndProject
Project("{FAE04EC0-301F-11D3-BF4B-00C04F79EFBC}") = "Astra.Plugins.DataAcquisition", "Plugins\Astra.Plugins.DataAcquisition\Astra.Plugins.DataAcquisition.csproj", "{850AB88A-057B-4795-A1A0-E8BEB3DA66F5}"
EndProject
Global
	GlobalSection(SolutionConfigurationPlatforms) = preSolution
		Debug|Any CPU = Debug|Any CPU
		Release|Any CPU = Release|Any CPU
	EndGlobalSection
	GlobalSection(ProjectConfigurationPlatforms) = postSolution
		{8123D459-D527-42D3-9771-FACD76CFAB6E}.Debug|Any CPU.ActiveCfg = Debug|Any CPU
		{8123D459-D527-42D3-9771-FACD76CFAB6E}.Debug|Any CPU.Build.0 = Debug|Any CPU
		{8123D459-D527-42D3-9771-FACD76CFAB6E}.Release|Any CPU.ActiveCfg = Release|Any CPU
		{8123D459-D527-42D3-9771-FACD76CFAB6E}.Release|Any CPU.Build.0 = Release|Any CPU
		{A5AE2908-C8A9-4C41-9624-CB01876ADCFF}.Debug|Any CPU.ActiveCfg = Debug|Any CPU
		{A5AE2908-C8A9-4C41-9624-CB01876ADCFF}.Debug|Any CPU.Build.0 = Debug|Any CPU
		{A5AE2908-C8A9-4C41-9624-CB01876ADCFF}.Release|Any CPU.ActiveCfg = Release|Any CPU
		{A5AE2908-C8A9-4C41-9624-CB01876ADCFF}.Release|Any CPU.Build.0 = Release|Any CPU
		{D18A1F2D-A679-4C02-BA63-0247322F058C}.Debug|Any CPU.ActiveCfg = Debug|Any CPU
		{D18A1F2D-A679-4C02-BA63-0247322F058C}.Debug|Any CPU.Build.0 = Debug|Any CPU
		{D18A1F2D-A679-4C02-BA63-0247322F058C}.Release|Any CPU.ActiveCfg = Release|Any CPU
		{D18A1F2D-A679-4C02-BA63-0247322F058C}.Release|Any CPU.Build.0 = Release|Any CPU
		{C2E9D3FF-05C7-4EE0-8506-57DD6D942834}.Debug|Any CPU.ActiveCfg = Debug|Any CPU
		{C2E9D3FF-05C7-4EE0-8506-57DD6D942834}.Debug|Any CPU.Build.0 = Debug|Any CPU
		{C2E9D3FF-05C7-4EE0-8506-57DD6D942834}.Release|Any CPU.ActiveCfg = Release|Any CPU
		{C2E9D3FF-05C7-4EE0-8506-57DD6D942834}.Release|Any CPU.Build.0 = Release|Any CPU
		{3BE34B22-D8DC-4805-8C87-D6949FA45C78}.Debug|Any CPU.ActiveCfg = Debug|Any CPU
		{3BE34B22-D8DC-4805-8C87-D6949FA45C78}.Debug|Any CPU.Build.0 = Debug|Any CPU
		{3BE34B22-D8DC-4805-8C87-D6949FA45C78}.Release|Any CPU.ActiveCfg = Release|Any CPU
		{3BE34B22-D8DC-4805-8C87-D6949FA45C78}.Release|Any CPU.Build.0 = Release|Any CPU
		{96D2AD30-45BA-4EAD-9B7A-2EAD2C12348D}.Debug|Any CPU.ActiveCfg = Debug|Any CPU
		{96D2AD30-45BA-4EAD-9B7A-2EAD2C12348D}.Debug|Any CPU.Build.0 = Debug|Any CPU
		{96D2AD30-45BA-4EAD-9B7A-2EAD2C12348D}.Release|Any CPU.ActiveCfg = Release|Any CPU
		{96D2AD30-45BA-4EAD-9B7A-2EAD2C12348D}.Release|Any CPU.Build.0 = Release|Any CPU
		{FA74F173-947D-4818-98BD-71BA9D49E1E2}.Debug|Any CPU.ActiveCfg = Debug|Any CPU
		{FA74F173-947D-4818-98BD-71BA9D49E1E2}.Debug|Any CPU.Build.0 = Debug|Any CPU
		{FA74F173-947D-4818-98BD-71BA9D49E1E2}.Release|Any CPU.ActiveCfg = Release|Any CPU
		{FA74F173-947D-4818-98BD-71BA9D49E1E2}.Release|Any CPU.Build.0 = Release|Any CPU
		{16A0B88A-9DAD-1677-8916-1AE760A6D7BB}.Debug|Any CPU.ActiveCfg = Debug|Any CPU
		{16A0B88A-9DAD-1677-8916-1AE760A6D7BB}.Debug|Any CPU.Build.0 = Debug|Any CPU
		{16A0B88A-9DAD-1677-8916-1AE760A6D7BB}.Release|Any CPU.ActiveCfg = Release|Any CPU
		{16A0B88A-9DAD-1677-8916-1AE760A6D7BB}.Release|Any CPU.Build.0 = Release|Any CPU
		{850AB88A-057B-4795-A1A0-E8BEB3DA66F5}.Debug|Any CPU.ActiveCfg = Debug|Any CPU
		{850AB88A-057B-4795-A1A0-E8BEB3DA66F5}.Debug|Any CPU.Build.0 = Debug|Any CPU
		{850AB88A-057B-4795-A1A0-E8BEB3DA66F5}.Release|Any CPU.ActiveCfg = Release|Any CPU
		{850AB88A-057B-4795-A1A0-E8BEB3DA66F5}.Release|Any CPU.Build.0 = Release|Any CPU
	EndGlobalSection
	GlobalSection(SolutionProperties) = preSolution
		HideSolutionNode = FALSE
	EndGlobalSection
	GlobalSection(NestedProjects) = preSolution
		{8123D459-D527-42D3-9771-FACD76CFAB6E} = {9DB55D21-DEBA-4C0A-8445-4D7CF05C3F96}
		{A5AE2908-C8A9-4C41-9624-CB01876ADCFF} = {9DB55D21-DEBA-4C0A-8445-4D7CF05C3F96}
		{D18A1F2D-A679-4C02-BA63-0247322F058C} = {A3A1C007-A25D-49FE-A1C9-A125320218DA}
		{C2E9D3FF-05C7-4EE0-8506-57DD6D942834} = {A3A1C007-A25D-49FE-A1C9-A125320218DA}
		{3BE34B22-D8DC-4805-8C87-D6949FA45C78} = {A3A1C007-A25D-49FE-A1C9-A125320218DA}
		{96D2AD30-45BA-4EAD-9B7A-2EAD2C12348D} = {9DB55D21-DEBA-4C0A-8445-4D7CF05C3F96}
		{FA74F173-947D-4818-98BD-71BA9D49E1E2} = {91BB682E-06F9-4815-9F82-D894F908D3E9}
		{16A0B88A-9DAD-1677-8916-1AE760A6D7BB} = {34E86E80-A304-4E65-ABD7-C334E10BC1A6}
		{850AB88A-057B-4795-A1A0-E8BEB3DA66F5} = {34E86E80-A304-4E65-ABD7-C334E10BC1A6}
	EndGlobalSection
	GlobalSection(ExtensibilityGlobals) = postSolution
		SolutionGuid = {74A17629-BD90-4E53-AD8F-76A0E4C20D66}
	EndGlobalSection
EndGlobal
